
Microsoft Visual Studio Solution File, Format Version 12.00
# Visual Studio Version 16
VisualStudioVersion = 16.0.31205.134
MinimumVisualStudioVersion = 10.0.40219.1
Project("{FAE04EC0-301F-11D3-BF4B-00C04F79EFBC}") = "BlazorDemoApp", "BlazorDemoApp\BlazorDemoApp.csproj", "{FFCB920C-F41E-461A-9F45-01A04777D011}"
EndProject
Global
	GlobalSection(SolutionConfigurationPlatforms) = preSolution
		Debug|Any CPU = Debug|Any CPU
		Release|Any CPU = Release|Any CPU
	EndGlobalSection
	GlobalSection(ProjectConfigurationPlatforms) = postSolution
		{FFCB920C-F41E-461A-9F45-01A04777D011}.Debug|Any CPU.ActiveCfg = Debug|Any CPU
		{FFCB920C-F41E-461A-9F45-01A04777D011}.Debug|Any CPU.Build.0 = Debug|Any CPU
		{FFCB920C-F41E-461A-9F45-01A04777D011}.Release|Any CPU.ActiveCfg = Release|Any CPU
		{FFCB920C-F41E-461A-9F45-01A04777D011}.Release|Any CPU.Build.0 = Release|Any CPU
	EndGlobalSection
	GlobalSection(SolutionProperties) = preSolution
		HideSolutionNode = FALSE
	EndGlobalSection
	GlobalSection(ExtensibilityGlobals) = postSolution
		SolutionGuid = {BA6A7048-6EB5-4DEF-8DBE-2822DC694781}
	EndGlobalSection
EndGlobal
